// !$*UTF8*$!
{
	archiveVersion = 1;
	classes = {
	};
	objectVersion = 56;
	objects = {

/* Begin PBXBuildFile section */
		BD1D497129554659003E1E15 /* iOSAppApp.swift in Sources */ = {isa = PBXBuildFile; fileRef = BD1D497029554659003E1E15 /* iOSAppApp.swift */; };
		BD1D497329554659003E1E15 /* ContentView.swift in Sources */ = {isa = PBXBuildFile; fileRef = BD1D497229554659003E1E15 /* ContentView.swift */; };
		BD1D49752955465A003E1E15 /* Assets.xcassets in Resources */ = {isa = PBXBuildFile; fileRef = BD1D49742955465A003E1E15 /* Assets.xcassets */; };
		BD1D49782955465A003E1E15 /* Preview Assets.xcassets in Resources */ = {isa = PBXBuildFile; fileRef = BD1D49772955465A003E1E15 /* Preview Assets.xcassets */; };
		BD1D4983295546B3003E1E15 /* Session.swift in Sources */ = {isa = PBXBuildFile; fileRef = BD1D4982295546B3003E1E15 /* Session.swift */; };
		BD1D49852955528F003E1E15 /* Account.swift in Sources */ = {isa = PBXBuildFile; fileRef = BD1D49842955528F003E1E15 /* Account.swift */; };
		BD1D4988295554CE003E1E15 /* AuthView.swift in Sources */ = {isa = PBXBuildFile; fileRef = BD1D4987295554CE003E1E15 /* AuthView.swift */; };
		BD1D498A295557E7003E1E15 /* AuthViewModel.swift in Sources */ = {isa = PBXBuildFile; fileRef = BD1D4989295557E7003E1E15 /* AuthViewModel.swift */; };
		BD1D498F29556C5E003E1E15 /* AuthService.swift in Sources */ = {isa = PBXBuildFile; fileRef = BD1D498E29556C5E003E1E15 /* AuthService.swift */; };
		BD1D499129556F40003E1E15 /* GenericResponses.swift in Sources */ = {isa = PBXBuildFile; fileRef = BD1D499029556F40003E1E15 /* GenericResponses.swift */; };
		BD1D49942955A262003E1E15 /* ColorExtension.swift in Sources */ = {isa = PBXBuildFile; fileRef = BD1D49932955A262003E1E15 /* ColorExtension.swift */; };
		BD1D499729563B15003E1E15 /* InputFields.swift in Sources */ = {isa = PBXBuildFile; fileRef = BD1D499629563B15003E1E15 /* InputFields.swift */; };
		BD1D49992956582D003E1E15 /* HomeView.swift in Sources */ = {isa = PBXBuildFile; fileRef = BD1D49982956582D003E1E15 /* HomeView.swift */; };
		BD1D499B295658E2003E1E15 /* AccountService.swift in Sources */ = {isa = PBXBuildFile; fileRef = BD1D499A295658E2003E1E15 /* AccountService.swift */; };
		BD1D499D29565BC2003E1E15 /* HomeViewModel.swift in Sources */ = {isa = PBXBuildFile; fileRef = BD1D499C29565BC2003E1E15 /* HomeViewModel.swift */; };
		BD1D49A129568C1A003E1E15 /* SubmitButton.swift in Sources */ = {isa = PBXBuildFile; fileRef = BD1D49A029568C1A003E1E15 /* SubmitButton.swift */; };
/* End PBXBuildFile section */

/* Begin PBXFileReference section */
		BD1D496D29554659003E1E15 /* iOSApp.app */ = {isa = PBXFileReference; explicitFileType = wrapper.application; includeInIndex = 0; path = iOSApp.app; sourceTree = BUILT_PRODUCTS_DIR; };
		BD1D497029554659003E1E15 /* iOSAppApp.swift */ = {isa = PBXFileReference; lastKnownFileType = sourcecode.swift; path = iOSAppApp.swift; sourceTree = "<group>"; };
		BD1D497229554659003E1E15 /* ContentView.swift */ = {isa = PBXFileReference; lastKnownFileType = sourcecode.swift; path = ContentView.swift; sourceTree = "<group>"; };
		BD1D49742955465A003E1E15 /* Assets.xcassets */ = {isa = PBXFileReference; lastKnownFileType = folder.assetcatalog; path = Assets.xcassets; sourceTree = "<group>"; };
		BD1D49772955465A003E1E15 /* Preview Assets.xcassets */ = {isa = PBXFileReference; lastKnownFileType = folder.assetcatalog; path = "Preview Assets.xcassets"; sourceTree = "<group>"; };
		BD1D4982295546B3003E1E15 /* Session.swift */ = {isa = PBXFileReference; lastKnownFileType = sourcecode.swift; path = Session.swift; sourceTree = "<group>"; };
		BD1D49842955528F003E1E15 /* Account.swift */ = {isa = PBXFileReference; lastKnownFileType = sourcecode.swift; path = Account.swift; sourceTree = "<group>"; };
		BD1D4987295554CE003E1E15 /* AuthView.swift */ = {isa = PBXFileReference; lastKnownFileType = sourcecode.swift; path = AuthView.swift; sourceTree = "<group>"; };
		BD1D4989295557E7003E1E15 /* AuthViewModel.swift */ = {isa = PBXFileReference; lastKnownFileType = sourcecode.swift; path = AuthViewModel.swift; sourceTree = "<group>"; };
		BD1D498E29556C5E003E1E15 /* AuthService.swift */ = {isa = PBXFileReference; lastKnownFileType = sourcecode.swift; path = AuthService.swift; sourceTree = "<group>"; };
		BD1D499029556F40003E1E15 /* GenericResponses.swift */ = {isa = PBXFileReference; lastKnownFileType = sourcecode.swift; path = GenericResponses.swift; sourceTree = "<group>"; };
		BD1D49932955A262003E1E15 /* ColorExtension.swift */ = {isa = PBXFileReference; lastKnownFileType = sourcecode.swift; path = ColorExtension.swift; sourceTree = "<group>"; };
		BD1D499629563B15003E1E15 /* InputFields.swift */ = {isa = PBXFileReference; lastKnownFileType = sourcecode.swift; path = InputFields.swift; sourceTree = "<group>"; };
		BD1D49982956582D003E1E15 /* HomeView.swift */ = {isa = PBXFileReference; lastKnownFileType = sourcecode.swift; path = HomeView.swift; sourceTree = "<group>"; };
		BD1D499A295658E2003E1E15 /* AccountService.swift */ = {isa = PBXFileReference; lastKnownFileType = sourcecode.swift; path = AccountService.swift; sourceTree = "<group>"; };
		BD1D499C29565BC2003E1E15 /* HomeViewModel.swift */ = {isa = PBXFileReference; lastKnownFileType = sourcecode.swift; path = HomeViewModel.swift; sourceTree = "<group>"; };
		BD1D49A029568C1A003E1E15 /* SubmitButton.swift */ = {isa = PBXFileReference; lastKnownFileType = sourcecode.swift; path = SubmitButton.swift; sourceTree = "<group>"; };
/* End PBXFileReference section */

/* Begin PBXFrameworksBuildPhase section */
		BD1D496A29554659003E1E15 /* Frameworks */ = {
			isa = PBXFrameworksBuildPhase;
			buildActionMask = 2147483647;
			files = (
			);
			runOnlyForDeploymentPostprocessing = 0;
		};
/* End PBXFrameworksBuildPhase section */

/* Begin PBXGroup section */
		BD1D496429554659003E1E15 = {
			isa = PBXGroup;
			children = (
				BD1D496F29554659003E1E15 /* iOSApp */,
				BD1D496E29554659003E1E15 /* Products */,
			);
			sourceTree = "<group>";
		};
		BD1D496E29554659003E1E15 /* Products */ = {
			isa = PBXGroup;
			children = (
				BD1D496D29554659003E1E15 /* iOSApp.app */,
			);
			name = Products;
			sourceTree = "<group>";
		};
		BD1D496F29554659003E1E15 /* iOSApp */ = {
			isa = PBXGroup;
			children = (
				BD1D499529563AEF003E1E15 /* Components */,
				BD1D49922955A256003E1E15 /* Extensions */,
				BD1D498D29555D5B003E1E15 /* Services */,
				BD1D4981295546A2003E1E15 /* Views */,
				BD1D497F29554688003E1E15 /* ViewModels */,
				BD1D497E29554682003E1E15 /* Models */,
				BD1D497029554659003E1E15 /* iOSAppApp.swift */,
				BD1D497229554659003E1E15 /* ContentView.swift */,
				BD1D49742955465A003E1E15 /* Assets.xcassets */,
				BD1D49762955465A003E1E15 /* Preview Content */,
			);
			path = iOSApp;
			sourceTree = "<group>";
		};
		BD1D49762955465A003E1E15 /* Preview Content */ = {
			isa = PBXGroup;
			children = (
				BD1D49772955465A003E1E15 /* Preview Assets.xcassets */,
			);
			path = "Preview Content";
			sourceTree = "<group>";
		};
		BD1D497E29554682003E1E15 /* Models */ = {
			isa = PBXGroup;
			children = (
				BD1D4982295546B3003E1E15 /* Session.swift */,
				BD1D49842955528F003E1E15 /* Account.swift */,
				BD1D499029556F40003E1E15 /* GenericResponses.swift */,
			);
			path = Models;
			sourceTree = "<group>";
		};
		BD1D497F29554688003E1E15 /* ViewModels */ = {
			isa = PBXGroup;
			children = (
				BD1D4989295557E7003E1E15 /* AuthViewModel.swift */,
				BD1D499C29565BC2003E1E15 /* HomeViewModel.swift */,
			);
			path = ViewModels;
			sourceTree = "<group>";
		};
		BD1D4981295546A2003E1E15 /* Views */ = {
			isa = PBXGroup;
			children = (
				BD1D4987295554CE003E1E15 /* AuthView.swift */,
				BD1D49982956582D003E1E15 /* HomeView.swift */,
			);
			path = Views;
			sourceTree = "<group>";
		};
		BD1D498D29555D5B003E1E15 /* Services */ = {
			isa = PBXGroup;
			children = (
				BD1D498E29556C5E003E1E15 /* AuthService.swift */,
				BD1D499A295658E2003E1E15 /* AccountService.swift */,
			);
			path = Services;
			sourceTree = "<group>";
		};
		BD1D49922955A256003E1E15 /* Extensions */ = {
			isa = PBXGroup;
			children = (
				BD1D49932955A262003E1E15 /* ColorExtension.swift */,
			);
			path = Extensions;
			sourceTree = "<group>";
		};
		BD1D499529563AEF003E1E15 /* Components */ = {
			isa = PBXGroup;
			children = (
				BD1D499629563B15003E1E15 /* InputFields.swift */,
				BD1D49A029568C1A003E1E15 /* SubmitButton.swift */,
			);
			path = Components;
			sourceTree = "<group>";
		};
/* End PBXGroup section */

/* Begin PBXNativeTarget section */
		BD1D496C29554659003E1E15 /* iOSApp */ = {
			isa = PBXNativeTarget;
			buildConfigurationList = BD1D497B2955465A003E1E15 /* Build configuration list for PBXNativeTarget "iOSApp" */;
			buildPhases = (
				BD1D496929554659003E1E15 /* Sources */,
				BD1D496A29554659003E1E15 /* Frameworks */,
				BD1D496B29554659003E1E15 /* Resources */,
			);
			buildRules = (
			);
			dependencies = (
			);
			name = iOSApp;
			productName = iOSApp;
			productReference = BD1D496D29554659003E1E15 /* iOSApp.app */;
			productType = "com.apple.product-type.application";
		};
/* End PBXNativeTarget section */

/* Begin PBXProject section */
		BD1D496529554659003E1E15 /* Project object */ = {
			isa = PBXProject;
			attributes = {
				BuildIndependentTargetsInParallel = 1;
				LastSwiftUpdateCheck = 1420;
				LastUpgradeCheck = 1420;
				TargetAttributes = {
					BD1D496C29554659003E1E15 = {
						CreatedOnToolsVersion = 14.2;
					};
				};
			};
			buildConfigurationList = BD1D496829554659003E1E15 /* Build configuration list for PBXProject "iOSApp" */;
			compatibilityVersion = "Xcode 14.0";
			developmentRegion = en;
			hasScannedForEncodings = 0;
			knownRegions = (
				en,
				Base,
			);
			mainGroup = BD1D496429554659003E1E15;
			productRefGroup = BD1D496E29554659003E1E15 /* Products */;
			projectDirPath = "";
			projectRoot = "";
			targets = (
				BD1D496C29554659003E1E15 /* iOSApp */,
			);
		};
/* End PBXProject section */

/* Begin PBXResourcesBuildPhase section */
		BD1D496B29554659003E1E15 /* Resources */ = {
			isa = PBXResourcesBuildPhase;
			buildActionMask = 2147483647;
			files = (
				BD1D49782955465A003E1E15 /* Preview Assets.xcassets in Resources */,
				BD1D49752955465A003E1E15 /* Assets.xcassets in Resources */,
			);
			runOnlyForDeploymentPostprocessing = 0;
		};
/* End PBXResourcesBuildPhase section */

/* Begin PBXSourcesBuildPhase section */
		BD1D496929554659003E1E15 /* Sources */ = {
			isa = PBXSourcesBuildPhase;
			buildActionMask = 2147483647;
			files = (
				BD1D497329554659003E1E15 /* ContentView.swift in Sources */,
				BD1D4988295554CE003E1E15 /* AuthView.swift in Sources */,
				BD1D498A295557E7003E1E15 /* AuthViewModel.swift in Sources */,
				BD1D49852955528F003E1E15 /* Account.swift in Sources */,
				BD1D497129554659003E1E15 /* iOSAppApp.swift in Sources */,
				BD1D49992956582D003E1E15 /* HomeView.swift in Sources */,
				BD1D4983295546B3003E1E15 /* Session.swift in Sources */,
				BD1D498F29556C5E003E1E15 /* AuthService.swift in Sources */,
				BD1D499D29565BC2003E1E15 /* HomeViewModel.swift in Sources */,
				BD1D499129556F40003E1E15 /* GenericResponses.swift in Sources */,
				BD1D499B295658E2003E1E15 /* AccountService.swift in Sources */,
				BD1D49A129568C1A003E1E15 /* SubmitButton.swift in Sources */,
				BD1D49942955A262003E1E15 /* ColorExtension.swift in Sources */,
				BD1D499729563B15003E1E15 /* InputFields.swift in Sources */,
			);
			runOnlyForDeploymentPostprocessing = 0;
		};
/* End PBXSourcesBuildPhase section */

/* Begin XCBuildConfiguration section */
		BD1D49792955465A003E1E15 /* Debug */ = {
			isa = XCBuildConfiguration;
			buildSettings = {
				ALWAYS_SEARCH_USER_PATHS = NO;
				CLANG_ANALYZER_NONNULL = YES;
				CLANG_ANALYZER_NUMBER_OBJECT_CONVERSION = YES_AGGRESSIVE;
				CLANG_CXX_LANGUAGE_STANDARD = "gnu++20";
				CLANG_ENABLE_MODULES = YES;
				CLANG_ENABLE_OBJC_ARC = YES;
				CLANG_ENABLE_OBJC_WEAK = YES;
				CLANG_WARN_BLOCK_CAPTURE_AUTORELEASING = YES;
				CLANG_WARN_BOOL_CONVERSION = YES;
				CLANG_WARN_COMMA = YES;
				CLANG_WARN_CONSTANT_CONVERSION = YES;
				CLANG_WARN_DEPRECATED_OBJC_IMPLEMENTATIONS = YES;
				CLANG_WARN_DIRECT_OBJC_ISA_USAGE = YES_ERROR;
				CLANG_WARN_DOCUMENTATION_COMMENTS = YES;
				CLANG_WARN_EMPTY_BODY = YES;
				CLANG_WARN_ENUM_CONVERSION = YES;
				CLANG_WARN_INFINITE_RECURSION = YES;
				CLANG_WARN_INT_CONVERSION = YES;
				CLANG_WARN_NON_LITERAL_NULL_CONVERSION = YES;
				CLANG_WARN_OBJC_IMPLICIT_RETAIN_SELF = YES;
				CLANG_WARN_OBJC_LITERAL_CONVERSION = YES;
				CLANG_WARN_OBJC_ROOT_CLASS = YES_ERROR;
				CLANG_WARN_QUOTED_INCLUDE_IN_FRAMEWORK_HEADER = YES;
				CLANG_WARN_RANGE_LOOP_ANALYSIS = YES;
				CLANG_WARN_STRICT_PROTOTYPES = YES;
				CLANG_WARN_SUSPICIOUS_MOVE = YES;
				CLANG_WARN_UNGUARDED_AVAILABILITY = YES_AGGRESSIVE;
				CLANG_WARN_UNREACHABLE_CODE = YES;
				CLANG_WARN__DUPLICATE_METHOD_MATCH = YES;
				COPY_PHASE_STRIP = NO;
				DEBUG_INFORMATION_FORMAT = dwarf;
				ENABLE_STRICT_OBJC_MSGSEND = YES;
				ENABLE_TESTABILITY = YES;
				GCC_C_LANGUAGE_STANDARD = gnu11;
				GCC_DYNAMIC_NO_PIC = NO;
				GCC_NO_COMMON_BLOCKS = YES;
				GCC_OPTIMIZATION_LEVEL = 0;
				GCC_PREPROCESSOR_DEFINITIONS = (
					"DEBUG=1",
					"$(inherited)",
				);
				GCC_WARN_64_TO_32_BIT_CONVERSION = YES;
				GCC_WARN_ABOUT_RETURN_TYPE = YES_ERROR;
				GCC_WARN_UNDECLARED_SELECTOR = YES;
				GCC_WARN_UNINITIALIZED_AUTOS = YES_AGGRESSIVE;
				GCC_WARN_UNUSED_FUNCTION = YES;
				GCC_WARN_UNUSED_VARIABLE = YES;
				IPHONEOS_DEPLOYMENT_TARGET = 16.2;
				MTL_ENABLE_DEBUG_INFO = INCLUDE_SOURCE;
				MTL_FAST_MATH = YES;
				ONLY_ACTIVE_ARCH = YES;
				SDKROOT = iphoneos;
				SWIFT_ACTIVE_COMPILATION_CONDITIONS = DEBUG;
				SWIFT_OPTIMIZATION_LEVEL = "-Onone";
			};
			name = Debug;
		};
		BD1D497A2955465A003E1E15 /* Release */ = {
			isa = XCBuildConfiguration;
			buildSettings = {
				ALWAYS_SEARCH_USER_PATHS = NO;
				CLANG_ANALYZER_NONNULL = YES;
				CLANG_ANALYZER_NUMBER_OBJECT_CONVERSION = YES_AGGRESSIVE;
				CLANG_CXX_LANGUAGE_STANDARD = "gnu++20";
				CLANG_ENABLE_MODULES = YES;
				CLANG_ENABLE_OBJC_ARC = YES;
				CLANG_ENABLE_OBJC_WEAK = YES;
				CLANG_WARN_BLOCK_CAPTURE_AUTORELEASING = YES;
				CLANG_WARN_BOOL_CONVERSION = YES;
				CLANG_WARN_COMMA = YES;
				CLANG_WARN_CONSTANT_CONVERSION = YES;
				CLANG_WARN_DEPRECATED_OBJC_IMPLEMENTATIONS = YES;
				CLANG_WARN_DIRECT_OBJC_ISA_USAGE = YES_ERROR;
				CLANG_WARN_DOCUMENTATION_COMMENTS = YES;
				CLANG_WARN_EMPTY_BODY = YES;
				CLANG_WARN_ENUM_CONVERSION = YES;
				CLANG_WARN_INFINITE_RECURSION = YES;
				CLANG_WARN_INT_CONVERSION = YES;
				CLANG_WARN_NON_LITERAL_NULL_CONVERSION = YES;
				CLANG_WARN_OBJC_IMPLICIT_RETAIN_SELF = YES;
				CLANG_WARN_OBJC_LITERAL_CONVERSION = YES;
				CLANG_WARN_OBJC_ROOT_CLASS = YES_ERROR;
				CLANG_WARN_QUOTED_INCLUDE_IN_FRAMEWORK_HEADER = YES;
				CLANG_WARN_RANGE_LOOP_ANALYSIS = YES;
				CLANG_WARN_STRICT_PROTOTYPES = YES;
				CLANG_WARN_SUSPICIOUS_MOVE = YES;
				CLANG_WARN_UNGUARDED_AVAILABILITY = YES_AGGRESSIVE;
				CLANG_WARN_UNREACHABLE_CODE = YES;
				CLANG_WARN__DUPLICATE_METHOD_MATCH = YES;
				COPY_PHASE_STRIP = NO;
				DEBUG_INFORMATION_FORMAT = "dwarf-with-dsym";
				ENABLE_NS_ASSERTIONS = NO;
				ENABLE_STRICT_OBJC_MSGSEND = YES;
				GCC_C_LANGUAGE_STANDARD = gnu11;
				GCC_NO_COMMON_BLOCKS = YES;
				GCC_WARN_64_TO_32_BIT_CONVERSION = YES;
				GCC_WARN_ABOUT_RETURN_TYPE = YES_ERROR;
				GCC_WARN_UNDECLARED_SELECTOR = YES;
				GCC_WARN_UNINITIALIZED_AUTOS = YES_AGGRESSIVE;
				GCC_WARN_UNUSED_FUNCTION = YES;
				GCC_WARN_UNUSED_VARIABLE = YES;
				IPHONEOS_DEPLOYMENT_TARGET = 16.2;
				MTL_ENABLE_DEBUG_INFO = NO;
				MTL_FAST_MATH = YES;
				SDKROOT = iphoneos;
				SWIFT_COMPILATION_MODE = wholemodule;
				SWIFT_OPTIMIZATION_LEVEL = "-O";
				VALIDATE_PRODUCT = YES;
			};
			name = Release;
		};
		BD1D497C2955465A003E1E15 /* Debug */ = {
			isa = XCBuildConfiguration;
			buildSettings = {
				ASSETCATALOG_COMPILER_APPICON_NAME = AppIcon;
				ASSETCATALOG_COMPILER_GLOBAL_ACCENT_COLOR_NAME = AccentColor;
				CODE_SIGN_STYLE = Automatic;
				CURRENT_PROJECT_VERSION = 1;
				DEVELOPMENT_ASSET_PATHS = "\"iOSApp/Preview Content\"";
				DEVELOPMENT_TEAM = HV7TRQD227;
				ENABLE_PREVIEWS = YES;
				GENERATE_INFOPLIST_FILE = YES;
				INFOPLIST_KEY_UIApplicationSceneManifest_Generation = YES;
				INFOPLIST_KEY_UIApplicationSupportsIndirectInputEvents = YES;
				INFOPLIST_KEY_UILaunchScreen_Generation = YES;
				INFOPLIST_KEY_UISupportedInterfaceOrientations_iPad = "UIInterfaceOrientationPortrait UIInterfaceOrientationPortraitUpsideDown UIInterfaceOrientationLandscapeLeft UIInterfaceOrientationLandscapeRight";
				INFOPLIST_KEY_UISupportedInterfaceOrientations_iPhone = "UIInterfaceOrientationPortrait UIInterfaceOrientationLandscapeLeft UIInterfaceOrientationLandscapeRight";
				LD_RUNPATH_SEARCH_PATHS = (
					"$(inherited)",
					"@executable_path/Frameworks",
				);
				MARKETING_VERSION = 1.0;
				PRODUCT_BUNDLE_IDENTIFIER = "Neal-Archival.iOSApp";
				PRODUCT_NAME = "$(TARGET_NAME)";
				SWIFT_EMIT_LOC_STRINGS = YES;
				SWIFT_VERSION = 5.0;
				TARGETED_DEVICE_FAMILY = "1,2";
			};
			name = Debug;
		};
		BD1D497D2955465A003E1E15 /* Release */ = {
			isa = XCBuildConfiguration;
			buildSettings = {
				ASSETCATALOG_COMPILER_APPICON_NAME = AppIcon;
				ASSETCATALOG_COMPILER_GLOBAL_ACCENT_COLOR_NAME = AccentColor;
				CODE_SIGN_STYLE = Automatic;
				CURRENT_PROJECT_VERSION = 1;
				DEVELOPMENT_ASSET_PATHS = "\"iOSApp/Preview Content\"";
				DEVELOPMENT_TEAM = HV7TRQD227;
				ENABLE_PREVIEWS = YES;
				GENERATE_INFOPLIST_FILE = YES;
				INFOPLIST_KEY_UIApplicationSceneManifest_Generation = YES;
				INFOPLIST_KEY_UIApplicationSupportsIndirectInputEvents = YES;
				INFOPLIST_KEY_UILaunchScreen_Generation = YES;
				INFOPLIST_KEY_UISupportedInterfaceOrientations_iPad = "UIInterfaceOrientationPortrait UIInterfaceOrientationPortraitUpsideDown UIInterfaceOrientationLandscapeLeft UIInterfaceOrientationLandscapeRight";
				INFOPLIST_KEY_UISupportedInterfaceOrientations_iPhone = "UIInterfaceOrientationPortrait UIInterfaceOrientationLandscapeLeft UIInterfaceOrientationLandscapeRight";
				LD_RUNPATH_SEARCH_PATHS = (
					"$(inherited)",
					"@executable_path/Frameworks",
				);
				MARKETING_VERSION = 1.0;
				PRODUCT_BUNDLE_IDENTIFIER = "Neal-Archival.iOSApp";
				PRODUCT_NAME = "$(TARGET_NAME)";
				SWIFT_EMIT_LOC_STRINGS = YES;
				SWIFT_VERSION = 5.0;
				TARGETED_DEVICE_FAMILY = "1,2";
			};
			name = Release;
		};
/* End XCBuildConfiguration section */

/* Begin XCConfigurationList section */
		BD1D496829554659003E1E15 /* Build configuration list for PBXProject "iOSApp" */ = {
			isa = XCConfigurationList;
			buildConfigurations = (
				BD1D49792955465A003E1E15 /* Debug */,
				BD1D497A2955465A003E1E15 /* Release */,
			);
			defaultConfigurationIsVisible = 0;
			defaultConfigurationName = Release;
		};
		BD1D497B2955465A003E1E15 /* Build configuration list for PBXNativeTarget "iOSApp" */ = {
			isa = XCConfigurationList;
			buildConfigurations = (
				BD1D497C2955465A003E1E15 /* Debug */,
				BD1D497D2955465A003E1E15 /* Release */,
			);
			defaultConfigurationIsVisible = 0;
			defaultConfigurationName = Release;
		};
/* End XCConfigurationList section */
	};
	rootObject = BD1D496529554659003E1E15 /* Project object */;
}
